{
  "name": "sbtun-frontend",
  "version": "0.1.0",
  "lockfileVersion": 3,
  "requires": true,
  "packages": {
    "": {
      "name": "sbtun-frontend",
      "version": "0.1.0",
      "devDependencies": {
        "vite": "7.1.5"
      }
    },
    "node_modules/@esbuild/win32-x64": {
      "version": "0.25.9",
      "resolved": "https://registry.npmjs.org/@esbuild/win32-x64/-/win32-x64-0.25.9.tgz",
      "integrity": "sha512-pLwYhX8F7kK9YQk4zv0yR8W7xY8V9Qf7v6c0W7cW2sJ1gXQY2t8H1dQ7lQ6f1Gm8G7H8f9s0Y1Z2A3B4C5D6E7F8G9H0==",
      "cpu": ["x64"],
      "dev": true,
      "optional": true,
      "os": ["win32"]
    },
    "node_modules/esbuild": {
      "version": "0.25.9",
      "resolved": "https://registry.npmjs.org/esbuild/-/esbuild-0.25.9.tgz",
      "integrity": "sha512-CRbTQ6r2H7l5x5X0V5m9Y7Q0Y8Z4X7Y2Y4H5W6V7R8T9U0S1Q2P3O4N5M6L7K8J9I0H1G2F3E4D5C6B7A8==",
      "hasInstallScript": true,
      "dev": true,
      "optionalDependencies": {
        "@esbuild/win32-x64": "0.25.9"
      }
    },
    "node_modules/rollup": {
      "version": "4.50.1",
      "resolved": "https://registry.npmjs.org/rollup/-/rollup-4.50.1.tgz",
      "integrity": "sha512-placeholder",
      "dev": true
    },
    "node_modules/vite": {
      "version": "7.1.5",
      "resolved": "https://registry.npmjs.org/vite/-/vite-7.1.5.tgz",
      "integrity": "sha512-placeholder",
      "dev": true,
      "dependencies": {
        "esbuild": "^0.25.0",
        "rollup": "^4.34.9"
      },
      "engines": {
        "node": "^20.19.0 || >=22.12.0"
      }
    }
  }
}
